
Microsoft Visual Studio Solution File, Format Version 12.00
# Visual Studio Version 16
VisualStudioVersion = 16.0.29519.87
MinimumVisualStudioVersion = 10.0.40219.1
Project("{9A19103F-16F7-4668-BE54-9A1E7A4F7556}") = "Date", "Date\Date.csproj", "{D5169D45-6582-46B4-8314-CC4396B381A5}"
EndProject
Project("{FAE04EC0-301F-11D3-BF4B-00C04F79EFBC}") = "ColumnsAdministrator", "ColumnsAdministrator\ColumnsAdministrator.csproj", "{680674FA-E89C-4D4A-9A6C-7C566383E16E}"
EndProject
Global
	GlobalSection(SolutionConfigurationPlatforms) = preSolution
		Debug|Any CPU = Debug|Any CPU
		Release|Any CPU = Release|Any CPU
	EndGlobalSection
	GlobalSection(ProjectConfigurationPlatforms) = postSolution
		{D5169D45-6582-46B4-8314-CC4396B381A5}.Debug|Any CPU.ActiveCfg = Debug|Any CPU
		{D5169D45-6582-46B4-8314-CC4396B381A5}.Debug|Any CPU.Build.0 = Debug|Any CPU
		{D5169D45-6582-46B4-8314-CC4396B381A5}.Release|Any CPU.ActiveCfg = Release|Any CPU
		{D5169D45-6582-46B4-8314-CC4396B381A5}.Release|Any CPU.Build.0 = Release|Any CPU
		{680674FA-E89C-4D4A-9A6C-7C566383E16E}.Debug|Any CPU.ActiveCfg = Debug|Any CPU
		{680674FA-E89C-4D4A-9A6C-7C566383E16E}.Debug|Any CPU.Build.0 = Debug|Any CPU
		{680674FA-E89C-4D4A-9A6C-7C566383E16E}.Release|Any CPU.ActiveCfg = Release|Any CPU
		{680674FA-E89C-4D4A-9A6C-7C566383E16E}.Release|Any CPU.Build.0 = Release|Any CPU
	EndGlobalSection
	GlobalSection(SolutionProperties) = preSolution
		HideSolutionNode = FALSE
	EndGlobalSection
	GlobalSection(ExtensibilityGlobals) = postSolution
		SolutionGuid = {EAD86847-3493-4749-8F4E-5FAA7242E770}
	EndGlobalSection
EndGlobal
