
Microsoft Visual Studio Solution File, Format Version 12.00
# Visual Studio Version 16
VisualStudioVersion = 16.0.29519.87
MinimumVisualStudioVersion = 10.0.40219.1
Project("{FAE04EC0-301F-11D3-BF4B-00C04F79EFBC}") = "ColumnsAdmistrator.Web", "ColumnsAdmistrator.Web\ColumnsAdmistrator.Web.csproj", "{EE2129DD-2161-4D55-81C0-638D14040583}"
EndProject
Global
	GlobalSection(SolutionConfigurationPlatforms) = preSolution
		Debug|Any CPU = Debug|Any CPU
		Release|Any CPU = Release|Any CPU
	EndGlobalSection
	GlobalSection(ProjectConfigurationPlatforms) = postSolution
		{EE2129DD-2161-4D55-81C0-638D14040583}.Debug|Any CPU.ActiveCfg = Debug|Any CPU
		{EE2129DD-2161-4D55-81C0-638D14040583}.Debug|Any CPU.Build.0 = Debug|Any CPU
		{EE2129DD-2161-4D55-81C0-638D14040583}.Release|Any CPU.ActiveCfg = Release|Any CPU
		{EE2129DD-2161-4D55-81C0-638D14040583}.Release|Any CPU.Build.0 = Release|Any CPU
	EndGlobalSection
	GlobalSection(SolutionProperties) = preSolution
		HideSolutionNode = FALSE
	EndGlobalSection
	GlobalSection(ExtensibilityGlobals) = postSolution
		SolutionGuid = {EAD86847-3493-4749-8F4E-5FAA7242E770}
	EndGlobalSection
EndGlobal
